// !$*UTF8*$!
{
	archiveVersion = 1;
	classes = {
	};
	objectVersion = 56;
	objects = {

/* Begin PBXBuildFile section */
		F0E395872C153776006DB3D0 /* leavetracker_aiApp.swift in Sources */ = {isa = PBXBuildFile; fileRef = F0E395862C153776006DB3D0 /* leavetracker_aiApp.swift */; };
		F0E395892C153776006DB3D0 /* ContentView.swift in Sources */ = {isa = PBXBuildFile; fileRef = F0E395882C153776006DB3D0 /* ContentView.swift */; };
		F0E3958B2C153777006DB3D0 /* Assets.xcassets in Resources */ = {isa = PBXBuildFile; fileRef = F0E3958A2C153777006DB3D0 /* Assets.xcassets */; };
		F0E3958F2C153777006DB3D0 /* Preview Assets.xcassets in Resources */ = {isa = PBXBuildFile; fileRef = F0E3958E2C153777006DB3D0 /* Preview Assets.xcassets */; };
		F0E395992C153777006DB3D0 /* leavetracker_aiTests.swift in Sources */ = {isa = PBXBuildFile; fileRef = F0E395982C153777006DB3D0 /* leavetracker_aiTests.swift */; };
		F0E395A32C153777006DB3D0 /* leavetracker_aiUITests.swift in Sources */ = {isa = PBXBuildFile; fileRef = F0E395A22C153777006DB3D0 /* leavetracker_aiUITests.swift */; };
		F0E395A52C153777006DB3D0 /* leavetracker_aiUITestsLaunchTests.swift in Sources */ = {isa = PBXBuildFile; fileRef = F0E395A42C153777006DB3D0 /* leavetracker_aiUITestsLaunchTests.swift */; };
/* End PBXBuildFile section */

/* Begin PBXContainerItemProxy section */
		F0E395952C153777006DB3D0 /* PBXContainerItemProxy */ = {
			isa = PBXContainerItemProxy;
			containerPortal = F0E3957B2C153776006DB3D0 /* Project object */;
			proxyType = 1;
			remoteGlobalIDString = F0E395822C153776006DB3D0;
			remoteInfo = "leavetracker-ai";
		};
		F0E3959F2C153777006DB3D0 /* PBXContainerItemProxy */ = {
			isa = PBXContainerItemProxy;
			containerPortal = F0E3957B2C153776006DB3D0 /* Project object */;
			proxyType = 1;
			remoteGlobalIDString = F0E395822C153776006DB3D0;
			remoteInfo = "leavetracker-ai";
		};
/* End PBXContainerItemProxy section */

/* Begin PBXFileReference section */
		F0E395832C153776006DB3D0 /* leavetracker-ai.app */ = {isa = PBXFileReference; explicitFileType = wrapper.application; includeInIndex = 0; path = "leavetracker-ai.app"; sourceTree = BUILT_PRODUCTS_DIR; };
		F0E395862C153776006DB3D0 /* leavetracker_aiApp.swift */ = {isa = PBXFileReference; lastKnownFileType = sourcecode.swift; path = leavetracker_aiApp.swift; sourceTree = "<group>"; };
		F0E395882C153776006DB3D0 /* ContentView.swift */ = {isa = PBXFileReference; lastKnownFileType = sourcecode.swift; path = ContentView.swift; sourceTree = "<group>"; };
		F0E3958A2C153777006DB3D0 /* Assets.xcassets */ = {isa = PBXFileReference; lastKnownFileType = folder.assetcatalog; path = Assets.xcassets; sourceTree = "<group>"; };
		F0E3958C2C153777006DB3D0 /* leavetracker_ai.entitlements */ = {isa = PBXFileReference; lastKnownFileType = text.plist.entitlements; path = leavetracker_ai.entitlements; sourceTree = "<group>"; };
		F0E3958E2C153777006DB3D0 /* Preview Assets.xcassets */ = {isa = PBXFileReference; lastKnownFileType = folder.assetcatalog; path = "Preview Assets.xcassets"; sourceTree = "<group>"; };
		F0E395942C153777006DB3D0 /* leavetracker-aiTests.xctest */ = {isa = PBXFileReference; explicitFileType = wrapper.cfbundle; includeInIndex = 0; path = "leavetracker-aiTests.xctest"; sourceTree = BUILT_PRODUCTS_DIR; };
		F0E395982C153777006DB3D0 /* leavetracker_aiTests.swift */ = {isa = PBXFileReference; lastKnownFileType = sourcecode.swift; path = leavetracker_aiTests.swift; sourceTree = "<group>"; };
		F0E3959E2C153777006DB3D0 /* leavetracker-aiUITests.xctest */ = {isa = PBXFileReference; explicitFileType = wrapper.cfbundle; includeInIndex = 0; path = "leavetracker-aiUITests.xctest"; sourceTree = BUILT_PRODUCTS_DIR; };
		F0E395A22C153777006DB3D0 /* leavetracker_aiUITests.swift */ = {isa = PBXFileReference; lastKnownFileType = sourcecode.swift; path = leavetracker_aiUITests.swift; sourceTree = "<group>"; };
		F0E395A42C153777006DB3D0 /* leavetracker_aiUITestsLaunchTests.swift */ = {isa = PBXFileReference; lastKnownFileType = sourcecode.swift; path = leavetracker_aiUITestsLaunchTests.swift; sourceTree = "<group>"; };
/* End PBXFileReference section */

/* Begin PBXFrameworksBuildPhase section */
		F0E395802C153776006DB3D0 /* Frameworks */ = {
			isa = PBXFrameworksBuildPhase;
			buildActionMask = 2147483647;
			files = (
			);
			runOnlyForDeploymentPostprocessing = 0;
		};
		F0E395912C153777006DB3D0 /* Frameworks */ = {
			isa = PBXFrameworksBuildPhase;
			buildActionMask = 2147483647;
			files = (
			);
			runOnlyForDeploymentPostprocessing = 0;
		};
		F0E3959B2C153777006DB3D0 /* Frameworks */ = {
			isa = PBXFrameworksBuildPhase;
			buildActionMask = 2147483647;
			files = (
			);
			runOnlyForDeploymentPostprocessing = 0;
		};
/* End PBXFrameworksBuildPhase section */

/* Begin PBXGroup section */
		F0E3957A2C153776006DB3D0 = {
			isa = PBXGroup;
			children = (
				F0E395852C153776006DB3D0 /* leavetracker-ai */,
				F0E395972C153777006DB3D0 /* leavetracker-aiTests */,
				F0E395A12C153777006DB3D0 /* leavetracker-aiUITests */,
				F0E395842C153776006DB3D0 /* Products */,
			);
			sourceTree = "<group>";
		};
		F0E395842C153776006DB3D0 /* Products */ = {
			isa = PBXGroup;
			children = (
				F0E395832C153776006DB3D0 /* leavetracker-ai.app */,
				F0E395942C153777006DB3D0 /* leavetracker-aiTests.xctest */,
				F0E3959E2C153777006DB3D0 /* leavetracker-aiUITests.xctest */,
			);
			name = Products;
			sourceTree = "<group>";
		};
		F0E395852C153776006DB3D0 /* leavetracker-ai */ = {
			isa = PBXGroup;
			children = (
				F0E395862C153776006DB3D0 /* leavetracker_aiApp.swift */,
				F0E395882C153776006DB3D0 /* ContentView.swift */,
				F0E3958A2C153777006DB3D0 /* Assets.xcassets */,
				F0E3958C2C153777006DB3D0 /* leavetracker_ai.entitlements */,
				F0E3958D2C153777006DB3D0 /* Preview Content */,
			);
			path = "leavetracker-ai";
			sourceTree = "<group>";
		};
		F0E3958D2C153777006DB3D0 /* Preview Content */ = {
			isa = PBXGroup;
			children = (
				F0E3958E2C153777006DB3D0 /* Preview Assets.xcassets */,
			);
			path = "Preview Content";
			sourceTree = "<group>";
		};
		F0E395972C153777006DB3D0 /* leavetracker-aiTests */ = {
			isa = PBXGroup;
			children = (
				F0E395982C153777006DB3D0 /* leavetracker_aiTests.swift */,
			);
			path = "leavetracker-aiTests";
			sourceTree = "<group>";
		};
		F0E395A12C153777006DB3D0 /* leavetracker-aiUITests */ = {
			isa = PBXGroup;
			children = (
				F0E395A22C153777006DB3D0 /* leavetracker_aiUITests.swift */,
				F0E395A42C153777006DB3D0 /* leavetracker_aiUITestsLaunchTests.swift */,
			);
			path = "leavetracker-aiUITests";
			sourceTree = "<group>";
		};
/* End PBXGroup section */

/* Begin PBXNativeTarget section */
		F0E395822C153776006DB3D0 /* leavetracker-ai */ = {
			isa = PBXNativeTarget;
			buildConfigurationList = F0E395A82C153777006DB3D0 /* Build configuration list for PBXNativeTarget "leavetracker-ai" */;
			buildPhases = (
				F0E3957F2C153776006DB3D0 /* Sources */,
				F0E395802C153776006DB3D0 /* Frameworks */,
				F0E395812C153776006DB3D0 /* Resources */,
			);
			buildRules = (
			);
			dependencies = (
			);
			name = "leavetracker-ai";
			productName = "leavetracker-ai";
			productReference = F0E395832C153776006DB3D0 /* leavetracker-ai.app */;
			productType = "com.apple.product-type.application";
		};
		F0E395932C153777006DB3D0 /* leavetracker-aiTests */ = {
			isa = PBXNativeTarget;
			buildConfigurationList = F0E395AB2C153777006DB3D0 /* Build configuration list for PBXNativeTarget "leavetracker-aiTests" */;
			buildPhases = (
				F0E395902C153777006DB3D0 /* Sources */,
				F0E395912C153777006DB3D0 /* Frameworks */,
				F0E395922C153777006DB3D0 /* Resources */,
			);
			buildRules = (
			);
			dependencies = (
				F0E395962C153777006DB3D0 /* PBXTargetDependency */,
			);
			name = "leavetracker-aiTests";
			productName = "leavetracker-aiTests";
			productReference = F0E395942C153777006DB3D0 /* leavetracker-aiTests.xctest */;
			productType = "com.apple.product-type.bundle.unit-test";
		};
		F0E3959D2C153777006DB3D0 /* leavetracker-aiUITests */ = {
			isa = PBXNativeTarget;
			buildConfigurationList = F0E395AE2C153777006DB3D0 /* Build configuration list for PBXNativeTarget "leavetracker-aiUITests" */;
			buildPhases = (
				F0E3959A2C153777006DB3D0 /* Sources */,
				F0E3959B2C153777006DB3D0 /* Frameworks */,
				F0E3959C2C153777006DB3D0 /* Resources */,
			);
			buildRules = (
			);
			dependencies = (
				F0E395A02C153777006DB3D0 /* PBXTargetDependency */,
			);
			name = "leavetracker-aiUITests";
			productName = "leavetracker-aiUITests";
			productReference = F0E3959E2C153777006DB3D0 /* leavetracker-aiUITests.xctest */;
			productType = "com.apple.product-type.bundle.ui-testing";
		};
/* End PBXNativeTarget section */

/* Begin PBXProject section */
		F0E3957B2C153776006DB3D0 /* Project object */ = {
			isa = PBXProject;
			attributes = {
				BuildIndependentTargetsInParallel = 1;
				LastSwiftUpdateCheck = 1520;
				LastUpgradeCheck = 1520;
				TargetAttributes = {
					F0E395822C153776006DB3D0 = {
						CreatedOnToolsVersion = 15.2;
					};
					F0E395932C153777006DB3D0 = {
						CreatedOnToolsVersion = 15.2;
						TestTargetID = F0E395822C153776006DB3D0;
					};
					F0E3959D2C153777006DB3D0 = {
						CreatedOnToolsVersion = 15.2;
						TestTargetID = F0E395822C153776006DB3D0;
					};
				};
			};
			buildConfigurationList = F0E3957E2C153776006DB3D0 /* Build configuration list for PBXProject "leavetracker-ai" */;
			compatibilityVersion = "Xcode 14.0";
			developmentRegion = en;
			hasScannedForEncodings = 0;
			knownRegions = (
				en,
				Base,
			);
			mainGroup = F0E3957A2C153776006DB3D0;
			productRefGroup = F0E395842C153776006DB3D0 /* Products */;
			projectDirPath = "";
			projectRoot = "";
			targets = (
				F0E395822C153776006DB3D0 /* leavetracker-ai */,
				F0E395932C153777006DB3D0 /* leavetracker-aiTests */,
				F0E3959D2C153777006DB3D0 /* leavetracker-aiUITests */,
			);
		};
/* End PBXProject section */

/* Begin PBXResourcesBuildPhase section */
		F0E395812C153776006DB3D0 /* Resources */ = {
			isa = PBXResourcesBuildPhase;
			buildActionMask = 2147483647;
			files = (
				F0E3958F2C153777006DB3D0 /* Preview Assets.xcassets in Resources */,
				F0E3958B2C153777006DB3D0 /* Assets.xcassets in Resources */,
			);
			runOnlyForDeploymentPostprocessing = 0;
		};
		F0E395922C153777006DB3D0 /* Resources */ = {
			isa = PBXResourcesBuildPhase;
			buildActionMask = 2147483647;
			files = (
			);
			runOnlyForDeploymentPostprocessing = 0;
		};
		F0E3959C2C153777006DB3D0 /* Resources */ = {
			isa = PBXResourcesBuildPhase;
			buildActionMask = 2147483647;
			files = (
			);
			runOnlyForDeploymentPostprocessing = 0;
		};
/* End PBXResourcesBuildPhase section */

/* Begin PBXSourcesBuildPhase section */
		F0E3957F2C153776006DB3D0 /* Sources */ = {
			isa = PBXSourcesBuildPhase;
			buildActionMask = 2147483647;
			files = (
				F0E395892C153776006DB3D0 /* ContentView.swift in Sources */,
				F0E395872C153776006DB3D0 /* leavetracker_aiApp.swift in Sources */,
			);
			runOnlyForDeploymentPostprocessing = 0;
		};
		F0E395902C153777006DB3D0 /* Sources */ = {
			isa = PBXSourcesBuildPhase;
			buildActionMask = 2147483647;
			files = (
				F0E395992C153777006DB3D0 /* leavetracker_aiTests.swift in Sources */,
			);
			runOnlyForDeploymentPostprocessing = 0;
		};
		F0E3959A2C153777006DB3D0 /* Sources */ = {
			isa = PBXSourcesBuildPhase;
			buildActionMask = 2147483647;
			files = (
				F0E395A32C153777006DB3D0 /* leavetracker_aiUITests.swift in Sources */,
				F0E395A52C153777006DB3D0 /* leavetracker_aiUITestsLaunchTests.swift in Sources */,
			);
			runOnlyForDeploymentPostprocessing = 0;
		};
/* End PBXSourcesBuildPhase section */

/* Begin PBXTargetDependency section */
		F0E395962C153777006DB3D0 /* PBXTargetDependency */ = {
			isa = PBXTargetDependency;
			target = F0E395822C153776006DB3D0 /* leavetracker-ai */;
			targetProxy = F0E395952C153777006DB3D0 /* PBXContainerItemProxy */;
		};
		F0E395A02C153777006DB3D0 /* PBXTargetDependency */ = {
			isa = PBXTargetDependency;
			target = F0E395822C153776006DB3D0 /* leavetracker-ai */;
			targetProxy = F0E3959F2C153777006DB3D0 /* PBXContainerItemProxy */;
		};
/* End PBXTargetDependency section */

/* Begin XCBuildConfiguration section */
		F0E395A62C153777006DB3D0 /* Debug */ = {
			isa = XCBuildConfiguration;
			buildSettings = {
				ALWAYS_SEARCH_USER_PATHS = NO;
				ASSETCATALOG_COMPILER_GENERATE_SWIFT_ASSET_SYMBOL_EXTENSIONS = YES;
				CLANG_ANALYZER_NONNULL = YES;
				CLANG_ANALYZER_NUMBER_OBJECT_CONVERSION = YES_AGGRESSIVE;
				CLANG_CXX_LANGUAGE_STANDARD = "gnu++20";
				CLANG_ENABLE_MODULES = YES;
				CLANG_ENABLE_OBJC_ARC = YES;
				CLANG_ENABLE_OBJC_WEAK = YES;
				CLANG_WARN_BLOCK_CAPTURE_AUTORELEASING = YES;
				CLANG_WARN_BOOL_CONVERSION = YES;
				CLANG_WARN_COMMA = YES;
				CLANG_WARN_CONSTANT_CONVERSION = YES;
				CLANG_WARN_DEPRECATED_OBJC_IMPLEMENTATIONS = YES;
				CLANG_WARN_DIRECT_OBJC_ISA_USAGE = YES_ERROR;
				CLANG_WARN_DOCUMENTATION_COMMENTS = YES;
				CLANG_WARN_EMPTY_BODY = YES;
				CLANG_WARN_ENUM_CONVERSION = YES;
				CLANG_WARN_INFINITE_RECURSION = YES;
				CLANG_WARN_INT_CONVERSION = YES;
				CLANG_WARN_NON_LITERAL_NULL_CONVERSION = YES;
				CLANG_WARN_OBJC_IMPLICIT_RETAIN_SELF = YES;
				CLANG_WARN_OBJC_LITERAL_CONVERSION = YES;
				CLANG_WARN_OBJC_ROOT_CLASS = YES_ERROR;
				CLANG_WARN_QUOTED_INCLUDE_IN_FRAMEWORK_HEADER = YES;
				CLANG_WARN_RANGE_LOOP_ANALYSIS = YES;
				CLANG_WARN_STRICT_PROTOTYPES = YES;
				CLANG_WARN_SUSPICIOUS_MOVE = YES;
				CLANG_WARN_UNGUARDED_AVAILABILITY = YES_AGGRESSIVE;
				CLANG_WARN_UNREACHABLE_CODE = YES;
				CLANG_WARN__DUPLICATE_METHOD_MATCH = YES;
				COPY_PHASE_STRIP = NO;
				DEBUG_INFORMATION_FORMAT = dwarf;
				ENABLE_STRICT_OBJC_MSGSEND = YES;
				ENABLE_TESTABILITY = YES;
				ENABLE_USER_SCRIPT_SANDBOXING = YES;
				GCC_C_LANGUAGE_STANDARD = gnu17;
				GCC_DYNAMIC_NO_PIC = NO;
				GCC_NO_COMMON_BLOCKS = YES;
				GCC_OPTIMIZATION_LEVEL = 0;
				GCC_PREPROCESSOR_DEFINITIONS = (
					"DEBUG=1",
					"$(inherited)",
				);
				GCC_WARN_64_TO_32_BIT_CONVERSION = YES;
				GCC_WARN_ABOUT_RETURN_TYPE = YES_ERROR;
				GCC_WARN_UNDECLARED_SELECTOR = YES;
				GCC_WARN_UNINITIALIZED_AUTOS = YES_AGGRESSIVE;
				GCC_WARN_UNUSED_FUNCTION = YES;
				GCC_WARN_UNUSED_VARIABLE = YES;
				LOCALIZATION_PREFERS_STRING_CATALOGS = YES;
				MTL_ENABLE_DEBUG_INFO = INCLUDE_SOURCE;
				MTL_FAST_MATH = YES;
				ONLY_ACTIVE_ARCH = YES;
				SWIFT_ACTIVE_COMPILATION_CONDITIONS = "DEBUG $(inherited)";
				SWIFT_OPTIMIZATION_LEVEL = "-Onone";
			};
			name = Debug;
		};
		F0E395A72C153777006DB3D0 /* Release */ = {
			isa = XCBuildConfiguration;
			buildSettings = {
				ALWAYS_SEARCH_USER_PATHS = NO;
				ASSETCATALOG_COMPILER_GENERATE_SWIFT_ASSET_SYMBOL_EXTENSIONS = YES;
				CLANG_ANALYZER_NONNULL = YES;
				CLANG_ANALYZER_NUMBER_OBJECT_CONVERSION = YES_AGGRESSIVE;
				CLANG_CXX_LANGUAGE_STANDARD = "gnu++20";
				CLANG_ENABLE_MODULES = YES;
				CLANG_ENABLE_OBJC_ARC = YES;
				CLANG_ENABLE_OBJC_WEAK = YES;
				CLANG_WARN_BLOCK_CAPTURE_AUTORELEASING = YES;
				CLANG_WARN_BOOL_CONVERSION = YES;
				CLANG_WARN_COMMA = YES;
				CLANG_WARN_CONSTANT_CONVERSION = YES;
				CLANG_WARN_DEPRECATED_OBJC_IMPLEMENTATIONS = YES;
				CLANG_WARN_DIRECT_OBJC_ISA_USAGE = YES_ERROR;
				CLANG_WARN_DOCUMENTATION_COMMENTS = YES;
				CLANG_WARN_EMPTY_BODY = YES;
				CLANG_WARN_ENUM_CONVERSION = YES;
				CLANG_WARN_INFINITE_RECURSION = YES;
				CLANG_WARN_INT_CONVERSION = YES;
				CLANG_WARN_NON_LITERAL_NULL_CONVERSION = YES;
				CLANG_WARN_OBJC_IMPLICIT_RETAIN_SELF = YES;
				CLANG_WARN_OBJC_LITERAL_CONVERSION = YES;
				CLANG_WARN_OBJC_ROOT_CLASS = YES_ERROR;
				CLANG_WARN_QUOTED_INCLUDE_IN_FRAMEWORK_HEADER = YES;
				CLANG_WARN_RANGE_LOOP_ANALYSIS = YES;
				CLANG_WARN_STRICT_PROTOTYPES = YES;
				CLANG_WARN_SUSPICIOUS_MOVE = YES;
				CLANG_WARN_UNGUARDED_AVAILABILITY = YES_AGGRESSIVE;
				CLANG_WARN_UNREACHABLE_CODE = YES;
				CLANG_WARN__DUPLICATE_METHOD_MATCH = YES;
				COPY_PHASE_STRIP = NO;
				DEBUG_INFORMATION_FORMAT = "dwarf-with-dsym";
				ENABLE_NS_ASSERTIONS = NO;
				ENABLE_STRICT_OBJC_MSGSEND = YES;
				ENABLE_USER_SCRIPT_SANDBOXING = YES;
				GCC_C_LANGUAGE_STANDARD = gnu17;
				GCC_NO_COMMON_BLOCKS = YES;
				GCC_WARN_64_TO_32_BIT_CONVERSION = YES;
				GCC_WARN_ABOUT_RETURN_TYPE = YES_ERROR;
				GCC_WARN_UNDECLARED_SELECTOR = YES;
				GCC_WARN_UNINITIALIZED_AUTOS = YES_AGGRESSIVE;
				GCC_WARN_UNUSED_FUNCTION = YES;
				GCC_WARN_UNUSED_VARIABLE = YES;
				LOCALIZATION_PREFERS_STRING_CATALOGS = YES;
				MTL_ENABLE_DEBUG_INFO = NO;
				MTL_FAST_MATH = YES;
				SWIFT_COMPILATION_MODE = wholemodule;
			};
			name = Release;
		};
		F0E395A92C153777006DB3D0 /* Debug */ = {
			isa = XCBuildConfiguration;
			buildSettings = {
				ASSETCATALOG_COMPILER_APPICON_NAME = AppIcon;
				ASSETCATALOG_COMPILER_GLOBAL_ACCENT_COLOR_NAME = AccentColor;
				CODE_SIGN_ENTITLEMENTS = "leavetracker-ai/leavetracker_ai.entitlements";
				CODE_SIGN_STYLE = Automatic;
				CURRENT_PROJECT_VERSION = 1;
				DEVELOPMENT_ASSET_PATHS = "\"leavetracker-ai/Preview Content\"";
				DEVELOPMENT_TEAM = H5YDD25N7W;
				ENABLE_HARDENED_RUNTIME = YES;
				ENABLE_PREVIEWS = YES;
				GENERATE_INFOPLIST_FILE = YES;
				"INFOPLIST_KEY_UIApplicationSceneManifest_Generation[sdk=iphoneos*]" = YES;
				"INFOPLIST_KEY_UIApplicationSceneManifest_Generation[sdk=iphonesimulator*]" = YES;
				"INFOPLIST_KEY_UIApplicationSupportsIndirectInputEvents[sdk=iphoneos*]" = YES;
				"INFOPLIST_KEY_UIApplicationSupportsIndirectInputEvents[sdk=iphonesimulator*]" = YES;
				"INFOPLIST_KEY_UILaunchScreen_Generation[sdk=iphoneos*]" = YES;
				"INFOPLIST_KEY_UILaunchScreen_Generation[sdk=iphonesimulator*]" = YES;
				"INFOPLIST_KEY_UIStatusBarStyle[sdk=iphoneos*]" = UIStatusBarStyleDefault;
				"INFOPLIST_KEY_UIStatusBarStyle[sdk=iphonesimulator*]" = UIStatusBarStyleDefault;
				INFOPLIST_KEY_UISupportedInterfaceOrientations_iPad = "UIInterfaceOrientationPortrait UIInterfaceOrientationPortraitUpsideDown UIInterfaceOrientationLandscapeLeft UIInterfaceOrientationLandscapeRight";
				INFOPLIST_KEY_UISupportedInterfaceOrientations_iPhone = "UIInterfaceOrientationPortrait UIInterfaceOrientationLandscapeLeft UIInterfaceOrientationLandscapeRight";
				IPHONEOS_DEPLOYMENT_TARGET = 17.2;
				LD_RUNPATH_SEARCH_PATHS = "@executable_path/Frameworks";
				"LD_RUNPATH_SEARCH_PATHS[sdk=macosx*]" = "@executable_path/../Frameworks";
				MACOSX_DEPLOYMENT_TARGET = 13.5;
				MARKETING_VERSION = 1.0;
				PRODUCT_BUNDLE_IDENTIFIER = "esme.leavetracker-ai";
				PRODUCT_NAME = "$(TARGET_NAME)";
				SDKROOT = auto;
				SUPPORTED_PLATFORMS = "iphoneos iphonesimulator macosx";
				SWIFT_EMIT_LOC_STRINGS = YES;
				SWIFT_VERSION = 5.0;
				TARGETED_DEVICE_FAMILY = "1,2";
			};
			name = Debug;
		};
		F0E395AA2C153777006DB3D0 /* Release */ = {
			isa = XCBuildConfiguration;
			buildSettings = {
				ASSETCATALOG_COMPILER_APPICON_NAME = AppIcon;
				ASSETCATALOG_COMPILER_GLOBAL_ACCENT_COLOR_NAME = AccentColor;
				CODE_SIGN_ENTITLEMENTS = "leavetracker-ai/leavetracker_ai.entitlements";
				CODE_SIGN_STYLE = Automatic;
				CURRENT_PROJECT_VERSION = 1;
				DEVELOPMENT_ASSET_PATHS = "\"leavetracker-ai/Preview Content\"";
				DEVELOPMENT_TEAM = H5YDD25N7W;
				ENABLE_HARDENED_RUNTIME = YES;
				ENABLE_PREVIEWS = YES;
				GENERATE_INFOPLIST_FILE = YES;
				"INFOPLIST_KEY_UIApplicationSceneManifest_Generation[sdk=iphoneos*]" = YES;
				"INFOPLIST_KEY_UIApplicationSceneManifest_Generation[sdk=iphonesimulator*]" = YES;
				"INFOPLIST_KEY_UIApplicationSupportsIndirectInputEvents[sdk=iphoneos*]" = YES;
				"INFOPLIST_KEY_UIApplicationSupportsIndirectInputEvents[sdk=iphonesimulator*]" = YES;
				"INFOPLIST_KEY_UILaunchScreen_Generation[sdk=iphoneos*]" = YES;
				"INFOPLIST_KEY_UILaunchScreen_Generation[sdk=iphonesimulator*]" = YES;
				"INFOPLIST_KEY_UIStatusBarStyle[sdk=iphoneos*]" = UIStatusBarStyleDefault;
				"INFOPLIST_KEY_UIStatusBarStyle[sdk=iphonesimulator*]" = UIStatusBarStyleDefault;
				INFOPLIST_KEY_UISupportedInterfaceOrientations_iPad = "UIInterfaceOrientationPortrait UIInterfaceOrientationPortraitUpsideDown UIInterfaceOrientationLandscapeLeft UIInterfaceOrientationLandscapeRight";
				INFOPLIST_KEY_UISupportedInterfaceOrientations_iPhone = "UIInterfaceOrientationPortrait UIInterfaceOrientationLandscapeLeft UIInterfaceOrientationLandscapeRight";
				IPHONEOS_DEPLOYMENT_TARGET = 17.2;
				LD_RUNPATH_SEARCH_PATHS = "@executable_path/Frameworks";
				"LD_RUNPATH_SEARCH_PATHS[sdk=macosx*]" = "@executable_path/../Frameworks";
				MACOSX_DEPLOYMENT_TARGET = 13.5;
				MARKETING_VERSION = 1.0;
				PRODUCT_BUNDLE_IDENTIFIER = "esme.leavetracker-ai";
				PRODUCT_NAME = "$(TARGET_NAME)";
				SDKROOT = auto;
				SUPPORTED_PLATFORMS = "iphoneos iphonesimulator macosx";
				SWIFT_EMIT_LOC_STRINGS = YES;
				SWIFT_VERSION = 5.0;
				TARGETED_DEVICE_FAMILY = "1,2";
			};
			name = Release;
		};
		F0E395AC2C153777006DB3D0 /* Debug */ = {
			isa = XCBuildConfiguration;
			buildSettings = {
				ALWAYS_EMBED_SWIFT_STANDARD_LIBRARIES = YES;
				BUNDLE_LOADER = "$(TEST_HOST)";
				CODE_SIGN_STYLE = Automatic;
				CURRENT_PROJECT_VERSION = 1;
				DEVELOPMENT_TEAM = H5YDD25N7W;
				GENERATE_INFOPLIST_FILE = YES;
				IPHONEOS_DEPLOYMENT_TARGET = 17.2;
				MACOSX_DEPLOYMENT_TARGET = 13.5;
				MARKETING_VERSION = 1.0;
				PRODUCT_BUNDLE_IDENTIFIER = "esme.leavetracker-aiTests";
				PRODUCT_NAME = "$(TARGET_NAME)";
				SDKROOT = auto;
				SUPPORTED_PLATFORMS = "iphoneos iphonesimulator macosx";
				SWIFT_EMIT_LOC_STRINGS = NO;
				SWIFT_VERSION = 5.0;
				TARGETED_DEVICE_FAMILY = "1,2";
				TEST_HOST = "$(BUILT_PRODUCTS_DIR)/leavetracker-ai.app/$(BUNDLE_EXECUTABLE_FOLDER_PATH)/leavetracker-ai";
			};
			name = Debug;
		};
		F0E395AD2C153777006DB3D0 /* Release */ = {
			isa = XCBuildConfiguration;
			buildSettings = {
				ALWAYS_EMBED_SWIFT_STANDARD_LIBRARIES = YES;
				BUNDLE_LOADER = "$(TEST_HOST)";
				CODE_SIGN_STYLE = Automatic;
				CURRENT_PROJECT_VERSION = 1;
				DEVELOPMENT_TEAM = H5YDD25N7W;
				GENERATE_INFOPLIST_FILE = YES;
				IPHONEOS_DEPLOYMENT_TARGET = 17.2;
				MACOSX_DEPLOYMENT_TARGET = 13.5;
				MARKETING_VERSION = 1.0;
				PRODUCT_BUNDLE_IDENTIFIER = "esme.leavetracker-aiTests";
				PRODUCT_NAME = "$(TARGET_NAME)";
				SDKROOT = auto;
				SUPPORTED_PLATFORMS = "iphoneos iphonesimulator macosx";
				SWIFT_EMIT_LOC_STRINGS = NO;
				SWIFT_VERSION = 5.0;
				TARGETED_DEVICE_FAMILY = "1,2";
				TEST_HOST = "$(BUILT_PRODUCTS_DIR)/leavetracker-ai.app/$(BUNDLE_EXECUTABLE_FOLDER_PATH)/leavetracker-ai";
			};
			name = Release;
		};
		F0E395AF2C153777006DB3D0 /* Debug */ = {
			isa = XCBuildConfiguration;
			buildSettings = {
				ALWAYS_EMBED_SWIFT_STANDARD_LIBRARIES = YES;
				CODE_SIGN_STYLE = Automatic;
				CURRENT_PROJECT_VERSION = 1;
				DEVELOPMENT_TEAM = H5YDD25N7W;
				GENERATE_INFOPLIST_FILE = YES;
				IPHONEOS_DEPLOYMENT_TARGET = 17.2;
				MACOSX_DEPLOYMENT_TARGET = 13.5;
				MARKETING_VERSION = 1.0;
				PRODUCT_BUNDLE_IDENTIFIER = "esme.leavetracker-aiUITests";
				PRODUCT_NAME = "$(TARGET_NAME)";
				SDKROOT = auto;
				SUPPORTED_PLATFORMS = "iphoneos iphonesimulator macosx";
				SWIFT_EMIT_LOC_STRINGS = NO;
				SWIFT_VERSION = 5.0;
				TARGETED_DEVICE_FAMILY = "1,2";
				TEST_TARGET_NAME = "leavetracker-ai";
			};
			name = Debug;
		};
		F0E395B02C153777006DB3D0 /* Release */ = {
			isa = XCBuildConfiguration;
			buildSettings = {
				ALWAYS_EMBED_SWIFT_STANDARD_LIBRARIES = YES;
				CODE_SIGN_STYLE = Automatic;
				CURRENT_PROJECT_VERSION = 1;
				DEVELOPMENT_TEAM = H5YDD25N7W;
				GENERATE_INFOPLIST_FILE = YES;
				IPHONEOS_DEPLOYMENT_TARGET = 17.2;
				MACOSX_DEPLOYMENT_TARGET = 13.5;
				MARKETING_VERSION = 1.0;
				PRODUCT_BUNDLE_IDENTIFIER = "esme.leavetracker-aiUITests";
				PRODUCT_NAME = "$(TARGET_NAME)";
				SDKROOT = auto;
				SUPPORTED_PLATFORMS = "iphoneos iphonesimulator macosx";
				SWIFT_EMIT_LOC_STRINGS = NO;
				SWIFT_VERSION = 5.0;
				TARGETED_DEVICE_FAMILY = "1,2";
				TEST_TARGET_NAME = "leavetracker-ai";
			};
			name = Release;
		};
/* End XCBuildConfiguration section */

/* Begin XCConfigurationList section */
		F0E3957E2C153776006DB3D0 /* Build configuration list for PBXProject "leavetracker-ai" */ = {
			isa = XCConfigurationList;
			buildConfigurations = (
				F0E395A62C153777006DB3D0 /* Debug */,
				F0E395A72C153777006DB3D0 /* Release */,
			);
			defaultConfigurationIsVisible = 0;
			defaultConfigurationName = Release;
		};
		F0E395A82C153777006DB3D0 /* Build configuration list for PBXNativeTarget "leavetracker-ai" */ = {
			isa = XCConfigurationList;
			buildConfigurations = (
				F0E395A92C153777006DB3D0 /* Debug */,
				F0E395AA2C153777006DB3D0 /* Release */,
			);
			defaultConfigurationIsVisible = 0;
			defaultConfigurationName = Release;
		};
		F0E395AB2C153777006DB3D0 /* Build configuration list for PBXNativeTarget "leavetracker-aiTests" */ = {
			isa = XCConfigurationList;
			buildConfigurations = (
				F0E395AC2C153777006DB3D0 /* Debug */,
				F0E395AD2C153777006DB3D0 /* Release */,
			);
			defaultConfigurationIsVisible = 0;
			defaultConfigurationName = Release;
		};
		F0E395AE2C153777006DB3D0 /* Build configuration list for PBXNativeTarget "leavetracker-aiUITests" */ = {
			isa = XCConfigurationList;
			buildConfigurations = (
				F0E395AF2C153777006DB3D0 /* Debug */,
				F0E395B02C153777006DB3D0 /* Release */,
			);
			defaultConfigurationIsVisible = 0;
			defaultConfigurationName = Release;
		};
/* End XCConfigurationList section */
	};
	rootObject = F0E3957B2C153776006DB3D0 /* Project object */;
}
